
Microsoft Visual Studio Solution File, Format Version 12.00
# Visual Studio Version 17
VisualStudioVersion = 17.4.33213.308
MinimumVisualStudioVersion = 10.0.40219.1
Project("{FAE04EC0-301F-11D3-BF4B-00C04F79EFBC}") = "Parcial1", "Parcial1\Parcial1.csproj", "{906EBF9A-77B5-4ADB-BB88-5FFD9CAD75DA}"
EndProject
Global
	GlobalSection(SolutionConfigurationPlatforms) = preSolution
		Debug|Any CPU = Debug|Any CPU
		Release|Any CPU = Release|Any CPU
	EndGlobalSection
	GlobalSection(ProjectConfigurationPlatforms) = postSolution
		{906EBF9A-77B5-4ADB-BB88-5FFD9CAD75DA}.Debug|Any CPU.ActiveCfg = Debug|Any CPU
		{906EBF9A-77B5-4ADB-BB88-5FFD9CAD75DA}.Debug|Any CPU.Build.0 = Debug|Any CPU
		{906EBF9A-77B5-4ADB-BB88-5FFD9CAD75DA}.Release|Any CPU.ActiveCfg = Release|Any CPU
		{906EBF9A-77B5-4ADB-BB88-5FFD9CAD75DA}.Release|Any CPU.Build.0 = Release|Any CPU
	EndGlobalSection
	GlobalSection(SolutionProperties) = preSolution
		HideSolutionNode = FALSE
	EndGlobalSection
	GlobalSection(ExtensibilityGlobals) = postSolution
		SolutionGuid = {123FD5EB-65A9-415F-BD77-20DBCBFECBCE}
	EndGlobalSection
EndGlobal
